
Microsoft Visual Studio Solution File, Format Version 12.00
Project("{FAE04EC0-301F-11D3-BF4B-00C04F79EFBC}") = "P2CodeExecution", "P2CodeExecution\P2CodeExecution.csproj", "{9CF131CE-E5F3-46AC-A681-6C09BC80324A}"
EndProject
Project("{FAE04EC0-301F-11D3-BF4B-00C04F79EFBC}") = "P3PrintingOutput", "P3PrintingOutput\P3PrintingOutput.csproj", "{1F88732B-4005-497D-9306-F488BF73C832}"
EndProject
Project("{FAE04EC0-301F-11D3-BF4B-00C04F79EFBC}") = "P4Comments", "P4Comments\P4Comments.csproj", "{0C701810-C6F9-4903-A370-BB725294E243}"
EndProject
Project("{FAE04EC0-301F-11D3-BF4B-00C04F79EFBC}") = "P5Variables", "P5Variables\P5Variables.csproj", "{39A0E28F-D072-476A-BF4A-C1EF0D40A216}"
EndProject
Project("{FAE04EC0-301F-11D3-BF4B-00C04F79EFBC}") = "P9Operators", "P9Operators\P9Operators.csproj", "{7BD8A3C6-4A22-449C-97CD-DC0373D4D2EB}"
EndProject
Project("{FAE04EC0-301F-11D3-BF4B-00C04F79EFBC}") = "Exercises", "Exercises\Exercises.csproj", "{862428D3-4F12-4CC2-9342-A013720D6896}"
EndProject
Global
	GlobalSection(SolutionConfigurationPlatforms) = preSolution
		Debug|Any CPU = Debug|Any CPU
		Release|Any CPU = Release|Any CPU
	EndGlobalSection
	GlobalSection(ProjectConfigurationPlatforms) = postSolution
		{9CF131CE-E5F3-46AC-A681-6C09BC80324A}.Debug|Any CPU.ActiveCfg = Debug|Any CPU
		{9CF131CE-E5F3-46AC-A681-6C09BC80324A}.Debug|Any CPU.Build.0 = Debug|Any CPU
		{9CF131CE-E5F3-46AC-A681-6C09BC80324A}.Release|Any CPU.ActiveCfg = Release|Any CPU
		{9CF131CE-E5F3-46AC-A681-6C09BC80324A}.Release|Any CPU.Build.0 = Release|Any CPU
		{1F88732B-4005-497D-9306-F488BF73C832}.Debug|Any CPU.ActiveCfg = Debug|Any CPU
		{1F88732B-4005-497D-9306-F488BF73C832}.Debug|Any CPU.Build.0 = Debug|Any CPU
		{1F88732B-4005-497D-9306-F488BF73C832}.Release|Any CPU.ActiveCfg = Release|Any CPU
		{1F88732B-4005-497D-9306-F488BF73C832}.Release|Any CPU.Build.0 = Release|Any CPU
		{0C701810-C6F9-4903-A370-BB725294E243}.Debug|Any CPU.ActiveCfg = Debug|Any CPU
		{0C701810-C6F9-4903-A370-BB725294E243}.Debug|Any CPU.Build.0 = Debug|Any CPU
		{0C701810-C6F9-4903-A370-BB725294E243}.Release|Any CPU.ActiveCfg = Release|Any CPU
		{0C701810-C6F9-4903-A370-BB725294E243}.Release|Any CPU.Build.0 = Release|Any CPU
		{39A0E28F-D072-476A-BF4A-C1EF0D40A216}.Debug|Any CPU.ActiveCfg = Debug|Any CPU
		{39A0E28F-D072-476A-BF4A-C1EF0D40A216}.Debug|Any CPU.Build.0 = Debug|Any CPU
		{39A0E28F-D072-476A-BF4A-C1EF0D40A216}.Release|Any CPU.ActiveCfg = Release|Any CPU
		{39A0E28F-D072-476A-BF4A-C1EF0D40A216}.Release|Any CPU.Build.0 = Release|Any CPU
		{7BD8A3C6-4A22-449C-97CD-DC0373D4D2EB}.Debug|Any CPU.ActiveCfg = Debug|Any CPU
		{7BD8A3C6-4A22-449C-97CD-DC0373D4D2EB}.Debug|Any CPU.Build.0 = Debug|Any CPU
		{7BD8A3C6-4A22-449C-97CD-DC0373D4D2EB}.Release|Any CPU.ActiveCfg = Release|Any CPU
		{7BD8A3C6-4A22-449C-97CD-DC0373D4D2EB}.Release|Any CPU.Build.0 = Release|Any CPU
		{862428D3-4F12-4CC2-9342-A013720D6896}.Debug|Any CPU.ActiveCfg = Debug|Any CPU
		{862428D3-4F12-4CC2-9342-A013720D6896}.Debug|Any CPU.Build.0 = Debug|Any CPU
		{862428D3-4F12-4CC2-9342-A013720D6896}.Release|Any CPU.ActiveCfg = Release|Any CPU
		{862428D3-4F12-4CC2-9342-A013720D6896}.Release|Any CPU.Build.0 = Release|Any CPU
	EndGlobalSection
EndGlobal
