
Microsoft Visual Studio Solution File, Format Version 12.00
Project("{FAE04EC0-301F-11D3-BF4B-00C04F79EFBC}") = "P2CodeExecution", "P2CodeExecution\P2CodeExecution.csproj", "{9CF131CE-E5F3-46AC-A681-6C09BC80324A}"
EndProject
Project("{FAE04EC0-301F-11D3-BF4B-00C04F79EFBC}") = "P3PrintingOutput", "P3PrintingOutput\P3PrintingOutput.csproj", "{1F88732B-4005-497D-9306-F488BF73C832}"
EndProject
Project("{FAE04EC0-301F-11D3-BF4B-00C04F79EFBC}") = "P4Comments", "P4Comments\P4Comments.csproj", "{0C701810-C6F9-4903-A370-BB725294E243}"
EndProject
Project("{FAE04EC0-301F-11D3-BF4B-00C04F79EFBC}") = "P5Variables", "P5Variables\P5Variables.csproj", "{39A0E28F-D072-476A-BF4A-C1EF0D40A216}"
EndProject
Project("{FAE04EC0-301F-11D3-BF4B-00C04F79EFBC}") = "Exercise2", "Exercise2\Exercise2.csproj", "{7BD8A3C6-4A22-449C-97CD-DC0373D4D2EB}"
EndProject
Project("{FAE04EC0-301F-11D3-BF4B-00C04F79EFBC}") = "Exercise1", "Exercise1\Exercise1.csproj", "{862428D3-4F12-4CC2-9342-A013720D6896}"
EndProject
Project("{FAE04EC0-301F-11D3-BF4B-00C04F79EFBC}") = "Exercise3", "Exercise3\Exercise3.csproj", "{F388D8DE-F3A6-4B1A-BB16-E43DC2616A7F}"
EndProject
Project("{FAE04EC0-301F-11D3-BF4B-00C04F79EFBC}") = "Exercise4", "Exercise4\Exercise4.csproj", "{25844A5F-51C4-42F6-BAE0-7E8644570489}"
EndProject
Project("{FAE04EC0-301F-11D3-BF4B-00C04F79EFBC}") = "Exercise5", "Exercise5\Exercise5.csproj", "{F184216D-38A8-4724-8CC0-26270F8EA66E}"
EndProject
Project("{FAE04EC0-301F-11D3-BF4B-00C04F79EFBC}") = "Exercise6", "Exercise6\Exercise6.csproj", "{D00E3ECA-FE27-49D0-A45C-B96FDA4050B4}"
EndProject
Project("{FAE04EC0-301F-11D3-BF4B-00C04F79EFBC}") = "Exercise7", "Exercise7\Exercise7.csproj", "{3192BBAA-27F1-42C3-8668-4C8A8D20287F}"
EndProject
Project("{FAE04EC0-301F-11D3-BF4B-00C04F79EFBC}") = "BooleansExample", "BooleansExample\BooleansExample.csproj", "{9409D2A9-A4D6-455E-BAAC-02CB35A5A384}"
EndProject
Project("{FAE04EC0-301F-11D3-BF4B-00C04F79EFBC}") = "Exercise8", "Exercise8\Exercise8.csproj", "{39EAC139-3F51-4347-8868-48D518B51906}"
EndProject
Project("{FAE04EC0-301F-11D3-BF4B-00C04F79EFBC}") = "BooelanExercise", "BooelanExercise\BooelanExercise.csproj", "{D346D86A-20F3-4911-B440-CD0B4BDF98FA}"
EndProject
Project("{FAE04EC0-301F-11D3-BF4B-00C04F79EFBC}") = "BranchingExercise11", "BranchingExercise11\BranchingExercise11.csproj", "{1A701A03-BA1D-4E08-B98D-24129035457B}"
EndProject
Project("{FAE04EC0-301F-11D3-BF4B-00C04F79EFBC}") = "Exercise10", "Exercise10\Exercise10.csproj", "{EDEB4816-5324-4B5B-84D8-1157D44899AA}"
EndProject
Project("{FAE04EC0-301F-11D3-BF4B-00C04F79EFBC}") = "RandomNumbers", "RandomNumbers\RandomNumbers.csproj", "{61D04FFD-C19B-4555-921F-6D7FECCB0836}"
EndProject
Project("{FAE04EC0-301F-11D3-BF4B-00C04F79EFBC}") = "Exercise9", "Exercise9\Exercise9.csproj", "{2158DDC3-254C-4136-9676-7A41F5B15922}"
EndProject
Project("{FAE04EC0-301F-11D3-BF4B-00C04F79EFBC}") = "P6Types", "P6Types\P6Types.csproj", "{611D770D-9542-43BD-9CB4-D6AD850ECAA5}"
EndProject
Project("{FAE04EC0-301F-11D3-BF4B-00C04F79EFBC}") = "P7ReadingInput", "P7ReadingInput\P7ReadingInput.csproj", "{7B1C9933-8D14-499E-816B-13E9E1CF1FF5}"
EndProject
Global
	GlobalSection(SolutionConfigurationPlatforms) = preSolution
		Debug|Any CPU = Debug|Any CPU
		Release|Any CPU = Release|Any CPU
	EndGlobalSection
	GlobalSection(ProjectConfigurationPlatforms) = postSolution
		{9CF131CE-E5F3-46AC-A681-6C09BC80324A}.Debug|Any CPU.ActiveCfg = Debug|Any CPU
		{9CF131CE-E5F3-46AC-A681-6C09BC80324A}.Debug|Any CPU.Build.0 = Debug|Any CPU
		{9CF131CE-E5F3-46AC-A681-6C09BC80324A}.Release|Any CPU.ActiveCfg = Release|Any CPU
		{9CF131CE-E5F3-46AC-A681-6C09BC80324A}.Release|Any CPU.Build.0 = Release|Any CPU
		{1F88732B-4005-497D-9306-F488BF73C832}.Debug|Any CPU.ActiveCfg = Debug|Any CPU
		{1F88732B-4005-497D-9306-F488BF73C832}.Debug|Any CPU.Build.0 = Debug|Any CPU
		{1F88732B-4005-497D-9306-F488BF73C832}.Release|Any CPU.ActiveCfg = Release|Any CPU
		{1F88732B-4005-497D-9306-F488BF73C832}.Release|Any CPU.Build.0 = Release|Any CPU
		{0C701810-C6F9-4903-A370-BB725294E243}.Debug|Any CPU.ActiveCfg = Debug|Any CPU
		{0C701810-C6F9-4903-A370-BB725294E243}.Debug|Any CPU.Build.0 = Debug|Any CPU
		{0C701810-C6F9-4903-A370-BB725294E243}.Release|Any CPU.ActiveCfg = Release|Any CPU
		{0C701810-C6F9-4903-A370-BB725294E243}.Release|Any CPU.Build.0 = Release|Any CPU
		{39A0E28F-D072-476A-BF4A-C1EF0D40A216}.Debug|Any CPU.ActiveCfg = Debug|Any CPU
		{39A0E28F-D072-476A-BF4A-C1EF0D40A216}.Debug|Any CPU.Build.0 = Debug|Any CPU
		{39A0E28F-D072-476A-BF4A-C1EF0D40A216}.Release|Any CPU.ActiveCfg = Release|Any CPU
		{39A0E28F-D072-476A-BF4A-C1EF0D40A216}.Release|Any CPU.Build.0 = Release|Any CPU
		{7BD8A3C6-4A22-449C-97CD-DC0373D4D2EB}.Debug|Any CPU.ActiveCfg = Debug|Any CPU
		{7BD8A3C6-4A22-449C-97CD-DC0373D4D2EB}.Debug|Any CPU.Build.0 = Debug|Any CPU
		{7BD8A3C6-4A22-449C-97CD-DC0373D4D2EB}.Release|Any CPU.ActiveCfg = Release|Any CPU
		{7BD8A3C6-4A22-449C-97CD-DC0373D4D2EB}.Release|Any CPU.Build.0 = Release|Any CPU
		{862428D3-4F12-4CC2-9342-A013720D6896}.Debug|Any CPU.ActiveCfg = Debug|Any CPU
		{862428D3-4F12-4CC2-9342-A013720D6896}.Debug|Any CPU.Build.0 = Debug|Any CPU
		{862428D3-4F12-4CC2-9342-A013720D6896}.Release|Any CPU.ActiveCfg = Release|Any CPU
		{862428D3-4F12-4CC2-9342-A013720D6896}.Release|Any CPU.Build.0 = Release|Any CPU
		{F388D8DE-F3A6-4B1A-BB16-E43DC2616A7F}.Debug|Any CPU.ActiveCfg = Debug|Any CPU
		{F388D8DE-F3A6-4B1A-BB16-E43DC2616A7F}.Debug|Any CPU.Build.0 = Debug|Any CPU
		{F388D8DE-F3A6-4B1A-BB16-E43DC2616A7F}.Release|Any CPU.ActiveCfg = Release|Any CPU
		{F388D8DE-F3A6-4B1A-BB16-E43DC2616A7F}.Release|Any CPU.Build.0 = Release|Any CPU
		{25844A5F-51C4-42F6-BAE0-7E8644570489}.Debug|Any CPU.ActiveCfg = Debug|Any CPU
		{25844A5F-51C4-42F6-BAE0-7E8644570489}.Debug|Any CPU.Build.0 = Debug|Any CPU
		{25844A5F-51C4-42F6-BAE0-7E8644570489}.Release|Any CPU.ActiveCfg = Release|Any CPU
		{25844A5F-51C4-42F6-BAE0-7E8644570489}.Release|Any CPU.Build.0 = Release|Any CPU
		{F184216D-38A8-4724-8CC0-26270F8EA66E}.Debug|Any CPU.ActiveCfg = Debug|Any CPU
		{F184216D-38A8-4724-8CC0-26270F8EA66E}.Debug|Any CPU.Build.0 = Debug|Any CPU
		{F184216D-38A8-4724-8CC0-26270F8EA66E}.Release|Any CPU.ActiveCfg = Release|Any CPU
		{F184216D-38A8-4724-8CC0-26270F8EA66E}.Release|Any CPU.Build.0 = Release|Any CPU
		{D00E3ECA-FE27-49D0-A45C-B96FDA4050B4}.Debug|Any CPU.ActiveCfg = Debug|Any CPU
		{D00E3ECA-FE27-49D0-A45C-B96FDA4050B4}.Debug|Any CPU.Build.0 = Debug|Any CPU
		{D00E3ECA-FE27-49D0-A45C-B96FDA4050B4}.Release|Any CPU.ActiveCfg = Release|Any CPU
		{D00E3ECA-FE27-49D0-A45C-B96FDA4050B4}.Release|Any CPU.Build.0 = Release|Any CPU
		{3192BBAA-27F1-42C3-8668-4C8A8D20287F}.Debug|Any CPU.ActiveCfg = Debug|Any CPU
		{3192BBAA-27F1-42C3-8668-4C8A8D20287F}.Debug|Any CPU.Build.0 = Debug|Any CPU
		{3192BBAA-27F1-42C3-8668-4C8A8D20287F}.Release|Any CPU.ActiveCfg = Release|Any CPU
		{3192BBAA-27F1-42C3-8668-4C8A8D20287F}.Release|Any CPU.Build.0 = Release|Any CPU
		{9409D2A9-A4D6-455E-BAAC-02CB35A5A384}.Debug|Any CPU.ActiveCfg = Debug|Any CPU
		{9409D2A9-A4D6-455E-BAAC-02CB35A5A384}.Debug|Any CPU.Build.0 = Debug|Any CPU
		{9409D2A9-A4D6-455E-BAAC-02CB35A5A384}.Release|Any CPU.ActiveCfg = Release|Any CPU
		{9409D2A9-A4D6-455E-BAAC-02CB35A5A384}.Release|Any CPU.Build.0 = Release|Any CPU
		{39EAC139-3F51-4347-8868-48D518B51906}.Debug|Any CPU.ActiveCfg = Debug|Any CPU
		{39EAC139-3F51-4347-8868-48D518B51906}.Debug|Any CPU.Build.0 = Debug|Any CPU
		{39EAC139-3F51-4347-8868-48D518B51906}.Release|Any CPU.ActiveCfg = Release|Any CPU
		{39EAC139-3F51-4347-8868-48D518B51906}.Release|Any CPU.Build.0 = Release|Any CPU
		{D346D86A-20F3-4911-B440-CD0B4BDF98FA}.Debug|Any CPU.ActiveCfg = Debug|Any CPU
		{D346D86A-20F3-4911-B440-CD0B4BDF98FA}.Debug|Any CPU.Build.0 = Debug|Any CPU
		{D346D86A-20F3-4911-B440-CD0B4BDF98FA}.Release|Any CPU.ActiveCfg = Release|Any CPU
		{D346D86A-20F3-4911-B440-CD0B4BDF98FA}.Release|Any CPU.Build.0 = Release|Any CPU
		{1A701A03-BA1D-4E08-B98D-24129035457B}.Debug|Any CPU.ActiveCfg = Debug|Any CPU
		{1A701A03-BA1D-4E08-B98D-24129035457B}.Debug|Any CPU.Build.0 = Debug|Any CPU
		{1A701A03-BA1D-4E08-B98D-24129035457B}.Release|Any CPU.ActiveCfg = Release|Any CPU
		{1A701A03-BA1D-4E08-B98D-24129035457B}.Release|Any CPU.Build.0 = Release|Any CPU
		{EDEB4816-5324-4B5B-84D8-1157D44899AA}.Debug|Any CPU.ActiveCfg = Debug|Any CPU
		{EDEB4816-5324-4B5B-84D8-1157D44899AA}.Debug|Any CPU.Build.0 = Debug|Any CPU
		{EDEB4816-5324-4B5B-84D8-1157D44899AA}.Release|Any CPU.ActiveCfg = Release|Any CPU
		{EDEB4816-5324-4B5B-84D8-1157D44899AA}.Release|Any CPU.Build.0 = Release|Any CPU
		{61D04FFD-C19B-4555-921F-6D7FECCB0836}.Debug|Any CPU.ActiveCfg = Debug|Any CPU
		{61D04FFD-C19B-4555-921F-6D7FECCB0836}.Debug|Any CPU.Build.0 = Debug|Any CPU
		{61D04FFD-C19B-4555-921F-6D7FECCB0836}.Release|Any CPU.ActiveCfg = Release|Any CPU
		{61D04FFD-C19B-4555-921F-6D7FECCB0836}.Release|Any CPU.Build.0 = Release|Any CPU
		{2158DDC3-254C-4136-9676-7A41F5B15922}.Debug|Any CPU.ActiveCfg = Debug|Any CPU
		{2158DDC3-254C-4136-9676-7A41F5B15922}.Debug|Any CPU.Build.0 = Debug|Any CPU
		{2158DDC3-254C-4136-9676-7A41F5B15922}.Release|Any CPU.ActiveCfg = Release|Any CPU
		{2158DDC3-254C-4136-9676-7A41F5B15922}.Release|Any CPU.Build.0 = Release|Any CPU
		{611D770D-9542-43BD-9CB4-D6AD850ECAA5}.Debug|Any CPU.ActiveCfg = Debug|Any CPU
		{611D770D-9542-43BD-9CB4-D6AD850ECAA5}.Debug|Any CPU.Build.0 = Debug|Any CPU
		{611D770D-9542-43BD-9CB4-D6AD850ECAA5}.Release|Any CPU.ActiveCfg = Release|Any CPU
		{611D770D-9542-43BD-9CB4-D6AD850ECAA5}.Release|Any CPU.Build.0 = Release|Any CPU
		{7B1C9933-8D14-499E-816B-13E9E1CF1FF5}.Debug|Any CPU.ActiveCfg = Debug|Any CPU
		{7B1C9933-8D14-499E-816B-13E9E1CF1FF5}.Debug|Any CPU.Build.0 = Debug|Any CPU
		{7B1C9933-8D14-499E-816B-13E9E1CF1FF5}.Release|Any CPU.ActiveCfg = Release|Any CPU
		{7B1C9933-8D14-499E-816B-13E9E1CF1FF5}.Release|Any CPU.Build.0 = Release|Any CPU
	EndGlobalSection
EndGlobal
